
Microsoft Visual Studio Solution File, Format Version 12.00
# Visual Studio 15
VisualStudioVersion = 15.0.28010.2036
MinimumVisualStudioVersion = 10.0.40219.1
Project("{9A19103F-16F7-4668-BE54-9A1E7A4F7556}") = "CoreStd", "CoreStd\CoreStd.csproj", "{4ED4035D-C3AB-4DFE-A290-1A891494648E}"
EndProject
Project("{FAE04EC0-301F-11D3-BF4B-00C04F79EFBC}") = "CoreStd.Model", "CoreStd.Model\CoreStd.Model.csproj", "{018253D2-21EB-4751-BFF2-42A11F9B0807}"
EndProject
Global
	GlobalSection(SolutionConfigurationPlatforms) = preSolution
		Debug|Any CPU = Debug|Any CPU
		Release|Any CPU = Release|Any CPU
	EndGlobalSection
	GlobalSection(ProjectConfigurationPlatforms) = postSolution
		{4ED4035D-C3AB-4DFE-A290-1A891494648E}.Debug|Any CPU.ActiveCfg = Debug|Any CPU
		{4ED4035D-C3AB-4DFE-A290-1A891494648E}.Debug|Any CPU.Build.0 = Debug|Any CPU
		{4ED4035D-C3AB-4DFE-A290-1A891494648E}.Release|Any CPU.ActiveCfg = Release|Any CPU
		{4ED4035D-C3AB-4DFE-A290-1A891494648E}.Release|Any CPU.Build.0 = Release|Any CPU
		{018253D2-21EB-4751-BFF2-42A11F9B0807}.Debug|Any CPU.ActiveCfg = Debug|Any CPU
		{018253D2-21EB-4751-BFF2-42A11F9B0807}.Debug|Any CPU.Build.0 = Debug|Any CPU
		{018253D2-21EB-4751-BFF2-42A11F9B0807}.Release|Any CPU.ActiveCfg = Release|Any CPU
		{018253D2-21EB-4751-BFF2-42A11F9B0807}.Release|Any CPU.Build.0 = Release|Any CPU
	EndGlobalSection
	GlobalSection(SolutionProperties) = preSolution
		HideSolutionNode = FALSE
	EndGlobalSection
	GlobalSection(ExtensibilityGlobals) = postSolution
		SolutionGuid = {DF5FED88-2B7A-463F-8650-5973B3224E52}
	EndGlobalSection
EndGlobal
